
Microsoft Visual Studio Solution File, Format Version 12.00
# Visual Studio Version 16
VisualStudioVersion = 16.0.34031.81
MinimumVisualStudioVersion = 10.0.40219.1
Project("{FAE04EC0-301F-11D3-BF4B-00C04F79EFBC}") = "API_CRUD", "API_CRUD\API_CRUD.csproj", "{2674D44D-A68D-4050-8E16-BA9FBB9A094E}"
EndProject
Project("{FAE04EC0-301F-11D3-BF4B-00C04F79EFBC}") = "StudentDataAccess", "StudentDataAccess\StudentDataAccess.csproj", "{A0F80CC8-8B13-4821-A120-969FCC35C3DA}"
EndProject
Global
	GlobalSection(SolutionConfigurationPlatforms) = preSolution
		Debug|Any CPU = Debug|Any CPU
		Release|Any CPU = Release|Any CPU
	EndGlobalSection
	GlobalSection(ProjectConfigurationPlatforms) = postSolution
		{2674D44D-A68D-4050-8E16-BA9FBB9A094E}.Debug|Any CPU.ActiveCfg = Debug|Any CPU
		{2674D44D-A68D-4050-8E16-BA9FBB9A094E}.Debug|Any CPU.Build.0 = Debug|Any CPU
		{2674D44D-A68D-4050-8E16-BA9FBB9A094E}.Release|Any CPU.ActiveCfg = Release|Any CPU
		{2674D44D-A68D-4050-8E16-BA9FBB9A094E}.Release|Any CPU.Build.0 = Release|Any CPU
		{A0F80CC8-8B13-4821-A120-969FCC35C3DA}.Debug|Any CPU.ActiveCfg = Debug|Any CPU
		{A0F80CC8-8B13-4821-A120-969FCC35C3DA}.Debug|Any CPU.Build.0 = Debug|Any CPU
		{A0F80CC8-8B13-4821-A120-969FCC35C3DA}.Release|Any CPU.ActiveCfg = Release|Any CPU
		{A0F80CC8-8B13-4821-A120-969FCC35C3DA}.Release|Any CPU.Build.0 = Release|Any CPU
	EndGlobalSection
	GlobalSection(SolutionProperties) = preSolution
		HideSolutionNode = FALSE
	EndGlobalSection
	GlobalSection(ExtensibilityGlobals) = postSolution
		SolutionGuid = {DD6DD75C-6085-4D53-B286-0BAD1887C97E}
	EndGlobalSection
EndGlobal
